
Microsoft Visual Studio Solution File, Format Version 12.00
# Visual Studio Version 16
VisualStudioVersion = 16.0.30523.141
MinimumVisualStudioVersion = 10.0.40219.1
Project("{FAE04EC0-301F-11D3-BF4B-00C04F79EFBC}") = "Inlämning1_revisited", "Inlämning1_revisited\Inlämning1_revisited.csproj", "{EF8F384A-A3E1-4D89-A09C-5A4AFC334CCD}"
EndProject
Global
	GlobalSection(SolutionConfigurationPlatforms) = preSolution
		Debug|Any CPU = Debug|Any CPU
		Release|Any CPU = Release|Any CPU
	EndGlobalSection
	GlobalSection(ProjectConfigurationPlatforms) = postSolution
		{EF8F384A-A3E1-4D89-A09C-5A4AFC334CCD}.Debug|Any CPU.ActiveCfg = Debug|Any CPU
		{EF8F384A-A3E1-4D89-A09C-5A4AFC334CCD}.Debug|Any CPU.Build.0 = Debug|Any CPU
		{EF8F384A-A3E1-4D89-A09C-5A4AFC334CCD}.Release|Any CPU.ActiveCfg = Release|Any CPU
		{EF8F384A-A3E1-4D89-A09C-5A4AFC334CCD}.Release|Any CPU.Build.0 = Release|Any CPU
	EndGlobalSection
	GlobalSection(SolutionProperties) = preSolution
		HideSolutionNode = FALSE
	EndGlobalSection
	GlobalSection(ExtensibilityGlobals) = postSolution
		SolutionGuid = {6CA6430B-B9BE-4578-9238-6EA747951E93}
	EndGlobalSection
EndGlobal
